
Microsoft Visual Studio Solution File, Format Version 11.00
# Visual C++ Express 2010
Project("{8BC9CEB8-8B4A-11D0-8D11-00A0C91BC942}") = "RA_App", "RA_App.vcxproj", "{92C025C5-C87F-442D-8063-FF3774734685}"
EndProject
Global
	GlobalSection(SolutionConfigurationPlatforms) = preSolution
		Debug|Win32 = Debug|Win32
		Release|Win32 = Release|Win32
	EndGlobalSection
	GlobalSection(ProjectConfigurationPlatforms) = postSolution
		{92C025C5-C87F-442D-8063-FF3774734685}.Debug|Win32.ActiveCfg = Debug|Win32
		{92C025C5-C87F-442D-8063-FF3774734685}.Debug|Win32.Build.0 = Debug|Win32
		{92C025C5-C87F-442D-8063-FF3774734685}.Release|Win32.ActiveCfg = Release|Win32
		{92C025C5-C87F-442D-8063-FF3774734685}.Release|Win32.Build.0 = Release|Win32
	EndGlobalSection
	GlobalSection(SolutionProperties) = preSolution
		HideSolutionNode = FALSE
	EndGlobalSection
EndGlobal
